{
  "name": "shared",
  "lockfileVersion": 3,
  "requires": true,
  "packages": {
    "": {
      "dependencies": {
        "@xmldom/xmldom": "^0.9.0"
      }
    },
    "node_modules/@xmldom/xmldom": {
      "version": "0.9.0",
      "resolved": "https://registry.npmjs.org/@xmldom/xmldom/-/xmldom-0.9.0.tgz",
      "integrity": "sha512-Zb9MTlKGnUdxglDKF75cJwvsNp+EhPwzguLSTp/u1yeDU59lz7eA9e14S9z/sn5HHKX5NEQZaKjePl/69uqGhw==",
      "engines": {
        "node": ">=10.0.0"
      }
    }
  }
}
